
Microsoft Visual Studio Solution File, Format Version 12.00
# Visual Studio 15
VisualStudioVersion = 15.0.28010.2041
MinimumVisualStudioVersion = 10.0.40219.1
Project("{E24C65DC-7377-472B-9ABA-BC803B73C61A}") = "ECWAStudentMinistry", "ECWAStudentMinistry\", "{67DCD0A7-4BAF-482F-98E5-0358C6CA5EC7}"
	ProjectSection(WebsiteProperties) = preProject
		TargetFrameworkMoniker = ".NETFramework,Version%3Dv4.6.1"
		Debug.AspNetCompiler.VirtualPath = "/localhost_51460"
		Debug.AspNetCompiler.PhysicalPath = "ECWAStudentMinistry\"
		Debug.AspNetCompiler.TargetPath = "PrecompiledWeb\localhost_51460\"
		Debug.AspNetCompiler.Updateable = "true"
		Debug.AspNetCompiler.ForceOverwrite = "true"
		Debug.AspNetCompiler.FixedNames = "false"
		Debug.AspNetCompiler.Debug = "True"
		Release.AspNetCompiler.VirtualPath = "/localhost_51460"
		Release.AspNetCompiler.PhysicalPath = "ECWAStudentMinistry\"
		Release.AspNetCompiler.TargetPath = "PrecompiledWeb\localhost_51460\"
		Release.AspNetCompiler.Updateable = "true"
		Release.AspNetCompiler.ForceOverwrite = "true"
		Release.AspNetCompiler.FixedNames = "false"
		Release.AspNetCompiler.Debug = "False"
		VWDPort = "51460"
		SlnRelativePath = "ECWAStudentMinistry\"
		DefaultWebSiteLanguage = "Visual C#"
	EndProjectSection
EndProject
Global
	GlobalSection(SolutionConfigurationPlatforms) = preSolution
		Debug|Any CPU = Debug|Any CPU
	EndGlobalSection
	GlobalSection(ProjectConfigurationPlatforms) = postSolution
		{67DCD0A7-4BAF-482F-98E5-0358C6CA5EC7}.Debug|Any CPU.ActiveCfg = Debug|Any CPU
		{67DCD0A7-4BAF-482F-98E5-0358C6CA5EC7}.Debug|Any CPU.Build.0 = Debug|Any CPU
	EndGlobalSection
	GlobalSection(SolutionProperties) = preSolution
		HideSolutionNode = FALSE
	EndGlobalSection
	GlobalSection(ExtensibilityGlobals) = postSolution
		SolutionGuid = {A838F7DA-1C97-4492-AC99-95A44355C30E}
	EndGlobalSection
EndGlobal
